github.com/beevik/etree v1.6.0 h1:u8Kwy8pp9D9XeITj2Z0XtA5qqZEmtJtuXZRQi+j03eE=
github.com/beevik/etree v1.6.0/go.mod h1:bh4zJxiIr62SOf9pRzN7UUYaEDa9HEKafK25+sLc0Gc=
github.com/cespare/xxhash/v2 v2.3.0 h1:UL815xU9SqsFlibzuggzjXhog7bL6oX9BbNZnL2UFvs=
github.com/cespare/xxhash/v2 v2.3.0/go.mod h1:VGX0DQ3Q6kWi7AoAeZDth3/j3BFtOZR5XLFGgcrjCOs=
github.com/davecgh/go-spew v1.1.1 h1:vj9j/u1bqnvCEfJOwUhtlOARqs3+rkHYY13jYWTU97c=
github.com/davecgh/go-spew v1.1.1/go.mod h1:J7Y8YcW2NihsgmVo/mv3lAwl/skON4iLHjSsI+c5H38=
github.com/felixge/httpsnoop v1.0.4 h1:NFTV2Zj1bL4mc9sqWACXbQFVBBg2W3GPvqp8/ESS2Wg=
github.com/felixge/httpsnoop v1.0.4/go.mod h1:m8KPJKqk1gH5J9DgRY2ASl2lWCfGKXixSwevea8zH2U=
github.com/gammazero/deque v1.2.1 h1:9fnQVFCCZ9/NOc7ccTNqzoKd1tCWOqeI05/lPqFPMGQ=
github.com/gammazero/deque v1.2.1/go.mod h1:5nSFkzVm+afG9+gy0VIowlqVAW4N8zNcMne+CMQVD2g=
github.com/gobwas/glob v0.2.3 h1:A4xDbljILXROh+kObIiy5kIaPYD8e96x1tgBhUI5J+Y=
github.com/gobwas/glob v0.2.3/go.mod h1:d3Ez4x06l9bZtSvzIay5+Yzi0fmZzPgnTbPcKjJAkT8=
github.com/google/go-cmp v0.7.0 h1:wk8382ETsv4JYUZwIsn6YpYiWiBsYLSJiTsyBybVuN8=
github.com/google/go-cmp v0.7.0/go.mod h1:pXiqmnSA92OHEEa9HXL2W4E7lf9JzCmGVUdgjX3N/iU=
github.com/google/uuid v1.6.0 h1:NIvaJDMOsjHA8n1jAhLSgzrAzy1Hgr+hNrb57e+94F0=
github.com/google/uuid v1.6.0/go.mod h1:TIyPZe4MgqvfeYDBFedMoGGpEw/LqOeaOT+nhxU+yHo=
github.com/gorilla/css v1.0.1 h1:ntNaBIghp6JmvWnxbZKANoLyuXTPZ4cAMlo6RyhlbO8=
github.com/gorilla/css v1.0.1/go.mod h1:BvnYkspnSzMmwRK+b8/xgNPLiIuNZr6vbZBTPQ2A3b0=
github.com/gorilla/handlers v1.5.2 h1:cLTUSsNkgcwhgRqvCNmdbRWG0A3N4F+M2nWKdScwyEE=
github.com/gorilla/handlers v1.5.2/go.mod h1:dX+xVpaxdSw+q0Qek8SSsl3dfMk3jNddUkMzo0GtH0w=
github.com/h2non/filetype v1.1.4-0.20231228185113-6469358c2bcb h1:GlQyMv2C48qmfPItvAXFoyN341Swxp9JNVeUZxnmbJw=
github.com/h2non/filetype v1.1.4-0.20231228185113-6469358c2bcb/go.mod h1:319b3zT68BvV+WRj7cwy856M2ehB3HqNOt6sy1HndBY=
github.com/magefile/mage v1.15.0 h1:BvGheCMAsG3bWUDbZ8AyXXpCNwU9u5CB6sM+HNb9HYg=
github.com/magefile/mage v1.15.0/go.mod h1:z5UZb/iS3GoOSn0JgWuiw7dxlurVYTu+/jHXqQg881A=
github.com/pmezard/go-difflib v1.0.0 h1:4DBwDE0NGyQoBHbLQYPwSUPoCMWR5BEzIk/f1lZbAQM=
github.com/pmezard/go-difflib v1.0.0/go.mod h1:iKH77koFhYxTK1pcRnkKkqfTogsbg7gZNVY4sRDYZ/4=
github.com/rickb777/acceptable v0.64.0 h1:DMZEv1Kw7Fp32fxDN2uSk3epO060eApS/wzesF8rBEM=
github.com/rickb777/acceptable v0.64.0/go.mod h1:ySbYCGwjFYVLdxZEui6hGP7CJeUSJ8ia0dNvT50aLvY=
github.com/rickb777/expect v1.0.8 h1:hsCTi3uHdl70G9xdAoInCW4Hbm36R7/rLNyua9jBfvs=
github.com/rickb777/expect v1.0.8/go.mod h1:vIs26jRWQdH061zcSu9HPiuP9srnRHbwiBEPexXTWKA=
github.com/rickb777/logrotate v0.21.0 h1:H6IZNimZ7TvbeQvXtwHL78y0t9PCNLM1G2JEf2D8qS4=
github.com/rickb777/logrotate v0.21.0/go.mod h1:cObY9ApJB0rHTaO4sFg+eXok80Fph92iV6OHtO0e0dY=
github.com/rickb777/path v1.4.2 h1:GKCEr81yRv7YknTHmCBy+/H+Q0bwy6EX9BNTowYGzac=
github.com/rickb777/path v1.4.2/go.mod h1:TFlbLVLAfie1EilhGp0JqEOIelGRxHyQ5T6RtC3cgBg=
github.com/rickb777/plural v1.4.8 h1:vBjI5IoGH05ku8ZsmHJjsY4wKwWyXAgG5JFNkI4w52Q=
github.com/rickb777/plural v1.4.8/go.mod h1:cEs0oT2ZVArOP76ZdBlJZQjYbhqnidSgOJM57/xRgB0=
github.com/rickb777/process/v2 v2.1.7 h1:H/yhmWbfLns0mJeXvx4pA0unvlm53A6R4RhcgBJmWJs=
github.com/rickb777/process/v2 v2.1.7/go.mod h1:HHjy457QHsV1f9A2uqaV7/KtQeFkYitPMZ4DKSqQa1Q=
github.com/rickb777/servefiles/v3 v3.9.17 h1:CpGuGIMvfES/s9Je1y7z/SqrVQ5xMDT/jNBfwEud7OY=
github.com/rickb777/servefiles/v3 v3.9.17/go.mod h1:26k8BUOA58a2r8joQ4FrVJ/8xLG2QRN3p5iaG/9Clm0=
github.com/samber/slog-http v1.11.1 h1:bAQveHQo7nbExU/JtyVDUrqUWEeMJgMxY0UOSn0f+/c=
github.com/samber/slog-http v1.11.1/go.mod h1:PAcQQrYFo5KM7Qbk50gNNwKEAMGCyfsw6GN5dI0iv9g=
github.com/sgreben/flagvar v1.10.2 h1:TNEuTXpTha4ERVcFk9m/8DhXALINha6d13FYoqVoJSM=
github.com/sgreben/flagvar v1.10.2/go.mod h1:sMiA3dViOfFVv/VRLfWo5szYIOD3ZRYVLrwh9E8tHLs=
github.com/spf13/afero v1.15.0 h1:b/YBCLWAJdFWJTN9cLhiXXcD7mzKn9Dm86dNnfyQw1I=
github.com/spf13/afero v1.15.0/go.mod h1:NC2ByUVxtQs4b3sIUphxK0NioZnmxgyCrfzeuq8lxMg=
github.com/stretchr/testify v1.11.1 h1:7s2iGBzp5EwR7/aIZr8ao5+dra3wiQyKjjFuvgVKu7U=
github.com/stretchr/testify v1.11.1/go.mod h1:wZwfW3scLgRK+23gO65QZefKpKQRnfz6sD981Nm4B6U=
go.opentelemetry.io/otel v1.40.0 h1:oA5YeOcpRTXq6NN7frwmwFR0Cn3RhTVZvXsP4duvCms=
go.opentelemetry.io/otel v1.40.0/go.mod h1:IMb+uXZUKkMXdPddhwAHm6UfOwJyh4ct1ybIlV14J0g=
go.opentelemetry.io/otel/trace v1.40.0 h1:WA4etStDttCSYuhwvEa8OP8I5EWu24lkOzp+ZYblVjw=
go.opentelemetry.io/otel/trace v1.40.0/go.mod h1:zeAhriXecNGP/s2SEG3+Y8X9ujcJOTqQ5RgdEJcawiA=
golang.org/x/net v0.50.0 h1:ucWh9eiCGyDR3vtzso0WMQinm2Dnt8cFMuQa9K33J60=
golang.org/x/net v0.50.0/go.mod h1:UgoSli3F/pBgdJBHCTc+tp3gmrU4XswgGRgtnwWTfyM=
golang.org/x/text v0.34.0 h1:oL/Qq0Kdaqxa1KbNeMKwQq0reLCCaFtqu2eNuSeNHbk=
golang.org/x/text v0.34.0/go.mod h1:homfLqTYRFyVYemLBFl5GgL/DWEiH5wcsQ5gSh1yziA=
gopkg.in/yaml.v3 v3.0.1 h1:fxVm/GzAzEWqLHuvctI91KS9hhNmmWOoWu0XTYJS7CA=
gopkg.in/yaml.v3 v3.0.1/go.mod h1:K4uyk7z7BCEPqu6E+C64Yfv1cQ7kz7rIZviUmN+EgEM=
